// !$*UTF8*$!
{
	archiveVersion = 1;
	classes = {
	};
	objectVersion = 46;
	objects = {

/* Begin PBXBuildFile section */
		0B3A4844F7DD4F4F259AA7C5 /* libPods.a in Frameworks */ = {isa = PBXBuildFile; fileRef = B3D5CD660BDF9CA898D8E632 /* libPods.a */; };
		BE0DE88C1A6FFE30001861D7 /* ViewController.xib in Resources */ = {isa = PBXBuildFile; fileRef = BE0DE88B1A6FFE30001861D7 /* ViewController.xib */; };
		BE365A7C1A70065000AAFCD8 /* APIManager.m in Sources */ = {isa = PBXBuildFile; fileRef = BE365A7B1A70065000AAFCD8 /* APIManager.m */; };
		BE365A801A7007B300AAFCD8 /* Constants.m in Sources */ = {isa = PBXBuildFile; fileRef = BE365A7F1A7007B300AAFCD8 /* Constants.m */; };
		BE4C07C81A6FF845008F5D7F /* main.m in Sources */ = {isa = PBXBuildFile; fileRef = BE4C07C71A6FF845008F5D7F /* main.m */; };
		BE4C07CB1A6FF845008F5D7F /* AppDelegate.m in Sources */ = {isa = PBXBuildFile; fileRef = BE4C07CA1A6FF845008F5D7F /* AppDelegate.m */; };
		BE4C07CE1A6FF845008F5D7F /* ViewController.m in Sources */ = {isa = PBXBuildFile; fileRef = BE4C07CD1A6FF845008F5D7F /* ViewController.m */; };
		BE4C07D31A6FF845008F5D7F /* Images.xcassets in Resources */ = {isa = PBXBuildFile; fileRef = BE4C07D21A6FF845008F5D7F /* Images.xcassets */; };
		BE4C07D61A6FF845008F5D7F /* LaunchScreen.xib in Resources */ = {isa = PBXBuildFile; fileRef = BE4C07D41A6FF845008F5D7F /* LaunchScreen.xib */; };
		BE4C07E21A6FF845008F5D7F /* ItsyTests.m in Sources */ = {isa = PBXBuildFile; fileRef = BE4C07E11A6FF845008F5D7F /* ItsyTests.m */; };
		BEF0613E1A700E60006E519C /* Listing.m in Sources */ = {isa = PBXBuildFile; fileRef = BEF0613D1A700E60006E519C /* Listing.m */; };
		BEF061431A703961006E519C /* Utils.m in Sources */ = {isa = PBXBuildFile; fileRef = BEF061421A703961006E519C /* Utils.m */; };
		BEF061471A706523006E519C /* ListingCell.m in Sources */ = {isa = PBXBuildFile; fileRef = BEF061461A706523006E519C /* ListingCell.m */; };
		BEF0614A1A706534006E519C /* ListingCell.xib in Resources */ = {isa = PBXBuildFile; fileRef = BEF061491A706534006E519C /* ListingCell.xib */; };
/* End PBXBuildFile section */

/* Begin PBXContainerItemProxy section */
		BE4C07DC1A6FF845008F5D7F /* PBXContainerItemProxy */ = {
			isa = PBXContainerItemProxy;
			containerPortal = BE4C07BA1A6FF845008F5D7F /* Project object */;
			proxyType = 1;
			remoteGlobalIDString = BE4C07C11A6FF845008F5D7F;
			remoteInfo = Itsy;
		};
/* End PBXContainerItemProxy section */

/* Begin PBXFileReference section */
		11E9FA1EFCD9366ED85631F8 /* Pods.release.xcconfig */ = {isa = PBXFileReference; includeInIndex = 1; lastKnownFileType = text.xcconfig; name = Pods.release.xcconfig; path = "Pods/Target Support Files/Pods/Pods.release.xcconfig"; sourceTree = "<group>"; };
		B3D5CD660BDF9CA898D8E632 /* libPods.a */ = {isa = PBXFileReference; explicitFileType = archive.ar; includeInIndex = 0; path = libPods.a; sourceTree = BUILT_PRODUCTS_DIR; };
		BE0DE88B1A6FFE30001861D7 /* ViewController.xib */ = {isa = PBXFileReference; fileEncoding = 4; lastKnownFileType = file.xib; path = ViewController.xib; sourceTree = "<group>"; };
		BE365A7A1A70065000AAFCD8 /* APIManager.h */ = {isa = PBXFileReference; fileEncoding = 4; lastKnownFileType = sourcecode.c.h; path = APIManager.h; sourceTree = "<group>"; };
		BE365A7B1A70065000AAFCD8 /* APIManager.m */ = {isa = PBXFileReference; fileEncoding = 4; lastKnownFileType = sourcecode.c.objc; path = APIManager.m; sourceTree = "<group>"; };
		BE365A7E1A7007B300AAFCD8 /* Constants.h */ = {isa = PBXFileReference; fileEncoding = 4; lastKnownFileType = sourcecode.c.h; path = Constants.h; sourceTree = "<group>"; };
		BE365A7F1A7007B300AAFCD8 /* Constants.m */ = {isa = PBXFileReference; fileEncoding = 4; lastKnownFileType = sourcecode.c.objc; path = Constants.m; sourceTree = "<group>"; };
		BE4C07C21A6FF845008F5D7F /* Itsy.app */ = {isa = PBXFileReference; explicitFileType = wrapper.application; includeInIndex = 0; path = Itsy.app; sourceTree = BUILT_PRODUCTS_DIR; };
		BE4C07C61A6FF845008F5D7F /* Info.plist */ = {isa = PBXFileReference; lastKnownFileType = text.plist.xml; path = Info.plist; sourceTree = "<group>"; };
		BE4C07C71A6FF845008F5D7F /* main.m */ = {isa = PBXFileReference; lastKnownFileType = sourcecode.c.objc; path = main.m; sourceTree = "<group>"; };
		BE4C07C91A6FF845008F5D7F /* AppDelegate.h */ = {isa = PBXFileReference; lastKnownFileType = sourcecode.c.h; path = AppDelegate.h; sourceTree = "<group>"; };
		BE4C07CA1A6FF845008F5D7F /* AppDelegate.m */ = {isa = PBXFileReference; lastKnownFileType = sourcecode.c.objc; path = AppDelegate.m; sourceTree = "<group>"; };
		BE4C07CC1A6FF845008F5D7F /* ViewController.h */ = {isa = PBXFileReference; lastKnownFileType = sourcecode.c.h; path = ViewController.h; sourceTree = "<group>"; };
		BE4C07CD1A6FF845008F5D7F /* ViewController.m */ = {isa = PBXFileReference; lastKnownFileType = sourcecode.c.objc; path = ViewController.m; sourceTree = "<group>"; };
		BE4C07D21A6FF845008F5D7F /* Images.xcassets */ = {isa = PBXFileReference; lastKnownFileType = folder.assetcatalog; path = Images.xcassets; sourceTree = "<group>"; };
		BE4C07D51A6FF845008F5D7F /* Base */ = {isa = PBXFileReference; lastKnownFileType = file.xib; name = Base; path = Base.lproj/LaunchScreen.xib; sourceTree = "<group>"; };
		BE4C07DB1A6FF845008F5D7F /* ItsyTests.xctest */ = {isa = PBXFileReference; explicitFileType = wrapper.cfbundle; includeInIndex = 0; path = ItsyTests.xctest; sourceTree = BUILT_PRODUCTS_DIR; };
		BE4C07E01A6FF845008F5D7F /* Info.plist */ = {isa = PBXFileReference; lastKnownFileType = text.plist.xml; path = Info.plist; sourceTree = "<group>"; };
		BE4C07E11A6FF845008F5D7F /* ItsyTests.m */ = {isa = PBXFileReference; lastKnownFileType = sourcecode.c.objc; path = ItsyTests.m; sourceTree = "<group>"; };
		BEF0613C1A700E60006E519C /* Listing.h */ = {isa = PBXFileReference; fileEncoding = 4; lastKnownFileType = sourcecode.c.h; path = Listing.h; sourceTree = "<group>"; };
		BEF0613D1A700E60006E519C /* Listing.m */ = {isa = PBXFileReference; fileEncoding = 4; lastKnownFileType = sourcecode.c.objc; path = Listing.m; sourceTree = "<group>"; };
		BEF061411A703961006E519C /* Utils.h */ = {isa = PBXFileReference; fileEncoding = 4; lastKnownFileType = sourcecode.c.h; path = Utils.h; sourceTree = "<group>"; };
		BEF061421A703961006E519C /* Utils.m */ = {isa = PBXFileReference; fileEncoding = 4; lastKnownFileType = sourcecode.c.objc; path = Utils.m; sourceTree = "<group>"; };
		BEF061451A706523006E519C /* ListingCell.h */ = {isa = PBXFileReference; fileEncoding = 4; lastKnownFileType = sourcecode.c.h; path = ListingCell.h; sourceTree = "<group>"; };
		BEF061461A706523006E519C /* ListingCell.m */ = {isa = PBXFileReference; fileEncoding = 4; lastKnownFileType = sourcecode.c.objc; path = ListingCell.m; sourceTree = "<group>"; };
		BEF061491A706534006E519C /* ListingCell.xib */ = {isa = PBXFileReference; fileEncoding = 4; lastKnownFileType = file.xib; path = ListingCell.xib; sourceTree = "<group>"; };
		F5ECF2FAFF9FAB02E0D6D882 /* Pods.debug.xcconfig */ = {isa = PBXFileReference; includeInIndex = 1; lastKnownFileType = text.xcconfig; name = Pods.debug.xcconfig; path = "Pods/Target Support Files/Pods/Pods.debug.xcconfig"; sourceTree = "<group>"; };
/* End PBXFileReference section */

/* Begin PBXFrameworksBuildPhase section */
		BE4C07BF1A6FF845008F5D7F /* Frameworks */ = {
			isa = PBXFrameworksBuildPhase;
			buildActionMask = 2147483647;
			files = (
				0B3A4844F7DD4F4F259AA7C5 /* libPods.a in Frameworks */,
			);
			runOnlyForDeploymentPostprocessing = 0;
		};
		BE4C07D81A6FF845008F5D7F /* Frameworks */ = {
			isa = PBXFrameworksBuildPhase;
			buildActionMask = 2147483647;
			files = (
			);
			runOnlyForDeploymentPostprocessing = 0;
		};
/* End PBXFrameworksBuildPhase section */

/* Begin PBXGroup section */
		883C604D95BF583C936C5739 /* Frameworks */ = {
			isa = PBXGroup;
			children = (
				B3D5CD660BDF9CA898D8E632 /* libPods.a */,
			);
			name = Frameworks;
			sourceTree = "<group>";
		};
		8C963AC0BEBC79ED2BD70155 /* Pods */ = {
			isa = PBXGroup;
			children = (
				F5ECF2FAFF9FAB02E0D6D882 /* Pods.debug.xcconfig */,
				11E9FA1EFCD9366ED85631F8 /* Pods.release.xcconfig */,
			);
			name = Pods;
			sourceTree = "<group>";
		};
		BE0DE88D1A6FFE36001861D7 /* ViewController */ = {
			isa = PBXGroup;
			children = (
				BE4C07CC1A6FF845008F5D7F /* ViewController.h */,
				BE4C07CD1A6FF845008F5D7F /* ViewController.m */,
				BE0DE88B1A6FFE30001861D7 /* ViewController.xib */,
			);
			name = ViewController;
			sourceTree = "<group>";
		};
		BE365A7D1A70065400AAFCD8 /* APIManager */ = {
			isa = PBXGroup;
			children = (
				BE365A7A1A70065000AAFCD8 /* APIManager.h */,
				BE365A7B1A70065000AAFCD8 /* APIManager.m */,
			);
			name = APIManager;
			sourceTree = "<group>";
		};
		BE365A811A7007B600AAFCD8 /* Constants */ = {
			isa = PBXGroup;
			children = (
				BE365A7E1A7007B300AAFCD8 /* Constants.h */,
				BE365A7F1A7007B300AAFCD8 /* Constants.m */,
			);
			name = Constants;
			sourceTree = "<group>";
		};
		BE4C07B91A6FF845008F5D7F = {
			isa = PBXGroup;
			children = (
				BE4C07C41A6FF845008F5D7F /* Itsy */,
				BE4C07DE1A6FF845008F5D7F /* ItsyTests */,
				BE4C07C31A6FF845008F5D7F /* Products */,
				8C963AC0BEBC79ED2BD70155 /* Pods */,
				883C604D95BF583C936C5739 /* Frameworks */,
			);
			sourceTree = "<group>";
		};
		BE4C07C31A6FF845008F5D7F /* Products */ = {
			isa = PBXGroup;
			children = (
				BE4C07C21A6FF845008F5D7F /* Itsy.app */,
				BE4C07DB1A6FF845008F5D7F /* ItsyTests.xctest */,
			);
			name = Products;
			sourceTree = "<group>";
		};
		BE4C07C41A6FF845008F5D7F /* Itsy */ = {
			isa = PBXGroup;
			children = (
				BEF061401A703954006E519C /* AppDelegate */,
				BE365A7D1A70065400AAFCD8 /* APIManager */,
				BE365A811A7007B600AAFCD8 /* Constants */,
				BEF0613F1A700E64006E519C /* Listing */,
				BEF061481A706527006E519C /* ListingCell */,
				BE0DE88D1A6FFE36001861D7 /* ViewController */,
				BEF061441A703965006E519C /* Utils */,
				BE4C07D21A6FF845008F5D7F /* Images.xcassets */,
				BE4C07D41A6FF845008F5D7F /* LaunchScreen.xib */,
				BE4C07C51A6FF845008F5D7F /* Supporting Files */,
			);
			path = Itsy;
			sourceTree = "<group>";
		};
		BE4C07C51A6FF845008F5D7F /* Supporting Files */ = {
			isa = PBXGroup;
			children = (
				BE4C07C61A6FF845008F5D7F /* Info.plist */,
				BE4C07C71A6FF845008F5D7F /* main.m */,
			);
			name = "Supporting Files";
			sourceTree = "<group>";
		};
		BE4C07DE1A6FF845008F5D7F /* ItsyTests */ = {
			isa = PBXGroup;
			children = (
				BE4C07E11A6FF845008F5D7F /* ItsyTests.m */,
				BE4C07DF1A6FF845008F5D7F /* Supporting Files */,
			);
			path = ItsyTests;
			sourceTree = "<group>";
		};
		BE4C07DF1A6FF845008F5D7F /* Supporting Files */ = {
			isa = PBXGroup;
			children = (
				BE4C07E01A6FF845008F5D7F /* Info.plist */,
			);
			name = "Supporting Files";
			sourceTree = "<group>";
		};
		BEF0613F1A700E64006E519C /* Listing */ = {
			isa = PBXGroup;
			children = (
				BEF0613C1A700E60006E519C /* Listing.h */,
				BEF0613D1A700E60006E519C /* Listing.m */,
			);
			name = Listing;
			sourceTree = "<group>";
		};
		BEF061401A703954006E519C /* AppDelegate */ = {
			isa = PBXGroup;
			children = (
				BE4C07C91A6FF845008F5D7F /* AppDelegate.h */,
				BE4C07CA1A6FF845008F5D7F /* AppDelegate.m */,
			);
			name = AppDelegate;
			sourceTree = "<group>";
		};
		BEF061441A703965006E519C /* Utils */ = {
			isa = PBXGroup;
			children = (
				BEF061411A703961006E519C /* Utils.h */,
				BEF061421A703961006E519C /* Utils.m */,
			);
			name = Utils;
			sourceTree = "<group>";
		};
		BEF061481A706527006E519C /* ListingCell */ = {
			isa = PBXGroup;
			children = (
				BEF061451A706523006E519C /* ListingCell.h */,
				BEF061461A706523006E519C /* ListingCell.m */,
				BEF061491A706534006E519C /* ListingCell.xib */,
			);
			name = ListingCell;
			sourceTree = "<group>";
		};
/* End PBXGroup section */

/* Begin PBXNativeTarget section */
		BE4C07C11A6FF845008F5D7F /* Itsy */ = {
			isa = PBXNativeTarget;
			buildConfigurationList = BE4C07E51A6FF845008F5D7F /* Build configuration list for PBXNativeTarget "Itsy" */;
			buildPhases = (
				1735DB12276A4B088EBC59BC /* Check Pods Manifest.lock */,
				BE4C07BE1A6FF845008F5D7F /* Sources */,
				BE4C07BF1A6FF845008F5D7F /* Frameworks */,
				BE4C07C01A6FF845008F5D7F /* Resources */,
				B4B58314ACC17DB059373E12 /* Copy Pods Resources */,
			);
			buildRules = (
			);
			dependencies = (
			);
			name = Itsy;
			productName = Itsy;
			productReference = BE4C07C21A6FF845008F5D7F /* Itsy.app */;
			productType = "com.apple.product-type.application";
		};
		BE4C07DA1A6FF845008F5D7F /* ItsyTests */ = {
			isa = PBXNativeTarget;
			buildConfigurationList = BE4C07E81A6FF845008F5D7F /* Build configuration list for PBXNativeTarget "ItsyTests" */;
			buildPhases = (
				BE4C07D71A6FF845008F5D7F /* Sources */,
				BE4C07D81A6FF845008F5D7F /* Frameworks */,
				BE4C07D91A6FF845008F5D7F /* Resources */,
			);
			buildRules = (
			);
			dependencies = (
				BE4C07DD1A6FF845008F5D7F /* PBXTargetDependency */,
			);
			name = ItsyTests;
			productName = ItsyTests;
			productReference = BE4C07DB1A6FF845008F5D7F /* ItsyTests.xctest */;
			productType = "com.apple.product-type.bundle.unit-test";
		};
/* End PBXNativeTarget section */

/* Begin PBXProject section */
		BE4C07BA1A6FF845008F5D7F /* Project object */ = {
			isa = PBXProject;
			attributes = {
				LastUpgradeCheck = 0610;
				ORGANIZATIONNAME = "Michael Cornell";
				TargetAttributes = {
					BE4C07C11A6FF845008F5D7F = {
						CreatedOnToolsVersion = 6.1.1;
					};
					BE4C07DA1A6FF845008F5D7F = {
						CreatedOnToolsVersion = 6.1.1;
						TestTargetID = BE4C07C11A6FF845008F5D7F;
					};
				};
			};
			buildConfigurationList = BE4C07BD1A6FF845008F5D7F /* Build configuration list for PBXProject "Itsy" */;
			compatibilityVersion = "Xcode 3.2";
			developmentRegion = English;
			hasScannedForEncodings = 0;
			knownRegions = (
				en,
				Base,
			);
			mainGroup = BE4C07B91A6FF845008F5D7F;
			productRefGroup = BE4C07C31A6FF845008F5D7F /* Products */;
			projectDirPath = "";
			projectRoot = "";
			targets = (
				BE4C07C11A6FF845008F5D7F /* Itsy */,
				BE4C07DA1A6FF845008F5D7F /* ItsyTests */,
			);
		};
/* End PBXProject section */

/* Begin PBXResourcesBuildPhase section */
		BE4C07C01A6FF845008F5D7F /* Resources */ = {
			isa = PBXResourcesBuildPhase;
			buildActionMask = 2147483647;
			files = (
				BEF0614A1A706534006E519C /* ListingCell.xib in Resources */,
				BE4C07D61A6FF845008F5D7F /* LaunchScreen.xib in Resources */,
				BE0DE88C1A6FFE30001861D7 /* ViewController.xib in Resources */,
				BE4C07D31A6FF845008F5D7F /* Images.xcassets in Resources */,
			);
			runOnlyForDeploymentPostprocessing = 0;
		};
		BE4C07D91A6FF845008F5D7F /* Resources */ = {
			isa = PBXResourcesBuildPhase;
			buildActionMask = 2147483647;
			files = (
			);
			runOnlyForDeploymentPostprocessing = 0;
		};
/* End PBXResourcesBuildPhase section */

/* Begin PBXShellScriptBuildPhase section */
		1735DB12276A4B088EBC59BC /* Check Pods Manifest.lock */ = {
			isa = PBXShellScriptBuildPhase;
			buildActionMask = 2147483647;
			files = (
			);
			inputPaths = (
			);
			name = "Check Pods Manifest.lock";
			outputPaths = (
			);
			runOnlyForDeploymentPostprocessing = 0;
			shellPath = /bin/sh;
			shellScript = "diff \"${PODS_ROOT}/../Podfile.lock\" \"${PODS_ROOT}/Manifest.lock\" > /dev/null\nif [[ $? != 0 ]] ; then\n    cat << EOM\nerror: The sandbox is not in sync with the Podfile.lock. Run 'pod install' or update your CocoaPods installation.\nEOM\n    exit 1\nfi\n";
			showEnvVarsInLog = 0;
		};
		B4B58314ACC17DB059373E12 /* Copy Pods Resources */ = {
			isa = PBXShellScriptBuildPhase;
			buildActionMask = 2147483647;
			files = (
			);
			inputPaths = (
			);
			name = "Copy Pods Resources";
			outputPaths = (
			);
			runOnlyForDeploymentPostprocessing = 0;
			shellPath = /bin/sh;
			shellScript = "\"${SRCROOT}/Pods/Target Support Files/Pods/Pods-resources.sh\"\n";
			showEnvVarsInLog = 0;
		};
/* End PBXShellScriptBuildPhase section */

/* Begin PBXSourcesBuildPhase section */
		BE4C07BE1A6FF845008F5D7F /* Sources */ = {
			isa = PBXSourcesBuildPhase;
			buildActionMask = 2147483647;
			files = (
				BEF0613E1A700E60006E519C /* Listing.m in Sources */,
				BE365A801A7007B300AAFCD8 /* Constants.m in Sources */,
				BEF061471A706523006E519C /* ListingCell.m in Sources */,
				BE365A7C1A70065000AAFCD8 /* APIManager.m in Sources */,
				BE4C07CE1A6FF845008F5D7F /* ViewController.m in Sources */,
				BE4C07CB1A6FF845008F5D7F /* AppDelegate.m in Sources */,
				BEF061431A703961006E519C /* Utils.m in Sources */,
				BE4C07C81A6FF845008F5D7F /* main.m in Sources */,
			);
			runOnlyForDeploymentPostprocessing = 0;
		};
		BE4C07D71A6FF845008F5D7F /* Sources */ = {
			isa = PBXSourcesBuildPhase;
			buildActionMask = 2147483647;
			files = (
				BE4C07E21A6FF845008F5D7F /* ItsyTests.m in Sources */,
			);
			runOnlyForDeploymentPostprocessing = 0;
		};
/* End PBXSourcesBuildPhase section */

/* Begin PBXTargetDependency section */
		BE4C07DD1A6FF845008F5D7F /* PBXTargetDependency */ = {
			isa = PBXTargetDependency;
			target = BE4C07C11A6FF845008F5D7F /* Itsy */;
			targetProxy = BE4C07DC1A6FF845008F5D7F /* PBXContainerItemProxy */;
		};
/* End PBXTargetDependency section */

/* Begin PBXVariantGroup section */
		BE4C07D41A6FF845008F5D7F /* LaunchScreen.xib */ = {
			isa = PBXVariantGroup;
			children = (
				BE4C07D51A6FF845008F5D7F /* Base */,
			);
			name = LaunchScreen.xib;
			sourceTree = "<group>";
		};
/* End PBXVariantGroup section */

/* Begin XCBuildConfiguration section */
		BE4C07E31A6FF845008F5D7F /* Debug */ = {
			isa = XCBuildConfiguration;
			buildSettings = {
				ALWAYS_SEARCH_USER_PATHS = NO;
				CLANG_CXX_LANGUAGE_STANDARD = "gnu++0x";
				CLANG_CXX_LIBRARY = "libc++";
				CLANG_ENABLE_MODULES = YES;
				CLANG_ENABLE_OBJC_ARC = YES;
				CLANG_WARN_BOOL_CONVERSION = YES;
				CLANG_WARN_CONSTANT_CONVERSION = YES;
				CLANG_WARN_DIRECT_OBJC_ISA_USAGE = YES_ERROR;
				CLANG_WARN_EMPTY_BODY = YES;
				CLANG_WARN_ENUM_CONVERSION = YES;
				CLANG_WARN_INT_CONVERSION = YES;
				CLANG_WARN_OBJC_ROOT_CLASS = YES_ERROR;
				CLANG_WARN_UNREACHABLE_CODE = YES;
				CLANG_WARN__DUPLICATE_METHOD_MATCH = YES;
				"CODE_SIGN_IDENTITY[sdk=iphoneos*]" = "iPhone Developer";
				COPY_PHASE_STRIP = NO;
				ENABLE_STRICT_OBJC_MSGSEND = YES;
				GCC_C_LANGUAGE_STANDARD = gnu99;
				GCC_DYNAMIC_NO_PIC = NO;
				GCC_OPTIMIZATION_LEVEL = 0;
				GCC_PREPROCESSOR_DEFINITIONS = (
					"DEBUG=1",
					"$(inherited)",
				);
				GCC_SYMBOLS_PRIVATE_EXTERN = NO;
				GCC_WARN_64_TO_32_BIT_CONVERSION = YES;
				GCC_WARN_ABOUT_RETURN_TYPE = YES_ERROR;
				GCC_WARN_UNDECLARED_SELECTOR = YES;
				GCC_WARN_UNINITIALIZED_AUTOS = YES_AGGRESSIVE;
				GCC_WARN_UNUSED_FUNCTION = YES;
				GCC_WARN_UNUSED_VARIABLE = YES;
				IPHONEOS_DEPLOYMENT_TARGET = 8.1;
				MTL_ENABLE_DEBUG_INFO = YES;
				ONLY_ACTIVE_ARCH = YES;
				SDKROOT = iphoneos;
				TARGETED_DEVICE_FAMILY = "1,2";
			};
			name = Debug;
		};
		BE4C07E41A6FF845008F5D7F /* Release */ = {
			isa = XCBuildConfiguration;
			buildSettings = {
				ALWAYS_SEARCH_USER_PATHS = NO;
				CLANG_CXX_LANGUAGE_STANDARD = "gnu++0x";
				CLANG_CXX_LIBRARY = "libc++";
				CLANG_ENABLE_MODULES = YES;
				CLANG_ENABLE_OBJC_ARC = YES;
				CLANG_WARN_BOOL_CONVERSION = YES;
				CLANG_WARN_CONSTANT_CONVERSION = YES;
				CLANG_WARN_DIRECT_OBJC_ISA_USAGE = YES_ERROR;
				CLANG_WARN_EMPTY_BODY = YES;
				CLANG_WARN_ENUM_CONVERSION = YES;
				CLANG_WARN_INT_CONVERSION = YES;
				CLANG_WARN_OBJC_ROOT_CLASS = YES_ERROR;
				CLANG_WARN_UNREACHABLE_CODE = YES;
				CLANG_WARN__DUPLICATE_METHOD_MATCH = YES;
				"CODE_SIGN_IDENTITY[sdk=iphoneos*]" = "iPhone Developer";
				COPY_PHASE_STRIP = YES;
				ENABLE_NS_ASSERTIONS = NO;
				ENABLE_STRICT_OBJC_MSGSEND = YES;
				GCC_C_LANGUAGE_STANDARD = gnu99;
				GCC_WARN_64_TO_32_BIT_CONVERSION = YES;
				GCC_WARN_ABOUT_RETURN_TYPE = YES_ERROR;
				GCC_WARN_UNDECLARED_SELECTOR = YES;
				GCC_WARN_UNINITIALIZED_AUTOS = YES_AGGRESSIVE;
				GCC_WARN_UNUSED_FUNCTION = YES;
				GCC_WARN_UNUSED_VARIABLE = YES;
				IPHONEOS_DEPLOYMENT_TARGET = 8.1;
				MTL_ENABLE_DEBUG_INFO = NO;
				SDKROOT = iphoneos;
				TARGETED_DEVICE_FAMILY = "1,2";
				VALIDATE_PRODUCT = YES;
			};
			name = Release;
		};
		BE4C07E61A6FF845008F5D7F /* Debug */ = {
			isa = XCBuildConfiguration;
			baseConfigurationReference = F5ECF2FAFF9FAB02E0D6D882 /* Pods.debug.xcconfig */;
			buildSettings = {
				ASSETCATALOG_COMPILER_APPICON_NAME = AppIcon;
				INFOPLIST_FILE = Itsy/Info.plist;
				IPHONEOS_DEPLOYMENT_TARGET = 7.0;
				LD_RUNPATH_SEARCH_PATHS = "$(inherited) @executable_path/Frameworks";
				PRODUCT_NAME = "$(TARGET_NAME)";
			};
			name = Debug;
		};
		BE4C07E71A6FF845008F5D7F /* Release */ = {
			isa = XCBuildConfiguration;
			baseConfigurationReference = 11E9FA1EFCD9366ED85631F8 /* Pods.release.xcconfig */;
			buildSettings = {
				ASSETCATALOG_COMPILER_APPICON_NAME = AppIcon;
				INFOPLIST_FILE = Itsy/Info.plist;
				IPHONEOS_DEPLOYMENT_TARGET = 7.0;
				LD_RUNPATH_SEARCH_PATHS = "$(inherited) @executable_path/Frameworks";
				PRODUCT_NAME = "$(TARGET_NAME)";
			};
			name = Release;
		};
		BE4C07E91A6FF845008F5D7F /* Debug */ = {
			isa = XCBuildConfiguration;
			buildSettings = {
				BUNDLE_LOADER = "$(TEST_HOST)";
				FRAMEWORK_SEARCH_PATHS = (
					"$(SDKROOT)/Developer/Library/Frameworks",
					"$(inherited)",
				);
				GCC_PREPROCESSOR_DEFINITIONS = (
					"DEBUG=1",
					"$(inherited)",
				);
				INFOPLIST_FILE = ItsyTests/Info.plist;
				LD_RUNPATH_SEARCH_PATHS = "$(inherited) @executable_path/Frameworks @loader_path/Frameworks";
				PRODUCT_NAME = "$(TARGET_NAME)";
				TEST_HOST = "$(BUILT_PRODUCTS_DIR)/Itsy.app/Itsy";
			};
			name = Debug;
		};
		BE4C07EA1A6FF845008F5D7F /* Release */ = {
			isa = XCBuildConfiguration;
			buildSettings = {
				BUNDLE_LOADER = "$(TEST_HOST)";
				FRAMEWORK_SEARCH_PATHS = (
					"$(SDKROOT)/Developer/Library/Frameworks",
					"$(inherited)",
				);
				INFOPLIST_FILE = ItsyTests/Info.plist;
				LD_RUNPATH_SEARCH_PATHS = "$(inherited) @executable_path/Frameworks @loader_path/Frameworks";
				PRODUCT_NAME = "$(TARGET_NAME)";
				TEST_HOST = "$(BUILT_PRODUCTS_DIR)/Itsy.app/Itsy";
			};
			name = Release;
		};
/* End XCBuildConfiguration section */

/* Begin XCConfigurationList section */
		BE4C07BD1A6FF845008F5D7F /* Build configuration list for PBXProject "Itsy" */ = {
			isa = XCConfigurationList;
			buildConfigurations = (
				BE4C07E31A6FF845008F5D7F /* Debug */,
				BE4C07E41A6FF845008F5D7F /* Release */,
			);
			defaultConfigurationIsVisible = 0;
			defaultConfigurationName = Release;
		};
		BE4C07E51A6FF845008F5D7F /* Build configuration list for PBXNativeTarget "Itsy" */ = {
			isa = XCConfigurationList;
			buildConfigurations = (
				BE4C07E61A6FF845008F5D7F /* Debug */,
				BE4C07E71A6FF845008F5D7F /* Release */,
			);
			defaultConfigurationIsVisible = 0;
			defaultConfigurationName = Release;
		};
		BE4C07E81A6FF845008F5D7F /* Build configuration list for PBXNativeTarget "ItsyTests" */ = {
			isa = XCConfigurationList;
			buildConfigurations = (
				BE4C07E91A6FF845008F5D7F /* Debug */,
				BE4C07EA1A6FF845008F5D7F /* Release */,
			);
			defaultConfigurationIsVisible = 0;
			defaultConfigurationName = Release;
		};
/* End XCConfigurationList section */
	};
	rootObject = BE4C07BA1A6FF845008F5D7F /* Project object */;
}
